
Microsoft Visual Studio Solution File, Format Version 12.00
# Visual Studio Version 16
VisualStudioVersion = 16.0.29215.179
MinimumVisualStudioVersion = 10.0.40219.1
Project("{FAE04EC0-301F-11D3-BF4B-00C04F79EFBC}") = "HMS", "HMS\HMS.csproj", "{6DD4F18F-EFCC-4C5F-AC59-ACDDCD2C4A4A}"
EndProject
Project("{FAE04EC0-301F-11D3-BF4B-00C04F79EFBC}") = "HMS.Entities", "HMS.Entities\HMS.Entities.csproj", "{21C321CB-72BD-4504-86C7-2D575698A6CD}"
EndProject
Global
	GlobalSection(SolutionConfigurationPlatforms) = preSolution
		Debug|Any CPU = Debug|Any CPU
		Release|Any CPU = Release|Any CPU
	EndGlobalSection
	GlobalSection(ProjectConfigurationPlatforms) = postSolution
		{6DD4F18F-EFCC-4C5F-AC59-ACDDCD2C4A4A}.Debug|Any CPU.ActiveCfg = Debug|Any CPU
		{6DD4F18F-EFCC-4C5F-AC59-ACDDCD2C4A4A}.Debug|Any CPU.Build.0 = Debug|Any CPU
		{6DD4F18F-EFCC-4C5F-AC59-ACDDCD2C4A4A}.Release|Any CPU.ActiveCfg = Release|Any CPU
		{6DD4F18F-EFCC-4C5F-AC59-ACDDCD2C4A4A}.Release|Any CPU.Build.0 = Release|Any CPU
		{21C321CB-72BD-4504-86C7-2D575698A6CD}.Debug|Any CPU.ActiveCfg = Debug|Any CPU
		{21C321CB-72BD-4504-86C7-2D575698A6CD}.Debug|Any CPU.Build.0 = Debug|Any CPU
		{21C321CB-72BD-4504-86C7-2D575698A6CD}.Release|Any CPU.ActiveCfg = Release|Any CPU
		{21C321CB-72BD-4504-86C7-2D575698A6CD}.Release|Any CPU.Build.0 = Release|Any CPU
	EndGlobalSection
	GlobalSection(SolutionProperties) = preSolution
		HideSolutionNode = FALSE
	EndGlobalSection
	GlobalSection(ExtensibilityGlobals) = postSolution
		SolutionGuid = {DF58375E-D662-4960-A875-12780FFFA102}
	EndGlobalSection
EndGlobal
